
Microsoft Visual Studio Solution File, Format Version 12.00
# Visual Studio 14
VisualStudioVersion = 14.0.23107.0
MinimumVisualStudioVersion = 10.0.40219.1
Project("{FAE04EC0-301F-11D3-BF4B-00C04F79EFBC}") = "CursorFlashlight", "CursorFlashlight\CursorFlashlight.csproj", "{68F93921-F077-4376-8336-FB149617FC24}"
EndProject
Global
	GlobalSection(SolutionConfigurationPlatforms) = preSolution
		64|Any CPU = 64|Any CPU
		64|x64 = 64|x64
		64|x86 = 64|x86
		Debug|Any CPU = Debug|Any CPU
		Debug|x64 = Debug|x64
		Debug|x86 = Debug|x86
		Release|Any CPU = Release|Any CPU
		Release|x64 = Release|x64
		Release|x86 = Release|x86
	EndGlobalSection
	GlobalSection(ProjectConfigurationPlatforms) = postSolution
		{68F93921-F077-4376-8336-FB149617FC24}.64|Any CPU.ActiveCfg = 64|Any CPU
		{68F93921-F077-4376-8336-FB149617FC24}.64|Any CPU.Build.0 = 64|Any CPU
		{68F93921-F077-4376-8336-FB149617FC24}.64|x64.ActiveCfg = 64|x86
		{68F93921-F077-4376-8336-FB149617FC24}.64|x86.ActiveCfg = 64|x86
		{68F93921-F077-4376-8336-FB149617FC24}.64|x86.Build.0 = 64|x86
		{68F93921-F077-4376-8336-FB149617FC24}.Debug|Any CPU.ActiveCfg = Debug|Any CPU
		{68F93921-F077-4376-8336-FB149617FC24}.Debug|Any CPU.Build.0 = Debug|Any CPU
		{68F93921-F077-4376-8336-FB149617FC24}.Debug|x64.ActiveCfg = Debug|x64
		{68F93921-F077-4376-8336-FB149617FC24}.Debug|x64.Build.0 = Debug|x64
		{68F93921-F077-4376-8336-FB149617FC24}.Debug|x86.ActiveCfg = Debug|Any CPU
		{68F93921-F077-4376-8336-FB149617FC24}.Debug|x86.Build.0 = Debug|Any CPU
		{68F93921-F077-4376-8336-FB149617FC24}.Release|Any CPU.ActiveCfg = Release|Any CPU
		{68F93921-F077-4376-8336-FB149617FC24}.Release|Any CPU.Build.0 = Release|Any CPU
		{68F93921-F077-4376-8336-FB149617FC24}.Release|x64.ActiveCfg = Release|x64
		{68F93921-F077-4376-8336-FB149617FC24}.Release|x64.Build.0 = Release|x64
		{68F93921-F077-4376-8336-FB149617FC24}.Release|x86.ActiveCfg = Release|Any CPU
		{68F93921-F077-4376-8336-FB149617FC24}.Release|x86.Build.0 = Release|Any CPU
	EndGlobalSection
	GlobalSection(SolutionProperties) = preSolution
		HideSolutionNode = FALSE
	EndGlobalSection
EndGlobal
